// !$*UTF8*$!
{
	archiveVersion = 1;
	classes = {
	};
	objectVersion = 48;
	objects = {

/* Begin PBXBuildFile section */
		4753E8D51F3C6F39002DE2BB /* DataClass.swift in Sources */ = {isa = PBXBuildFile; fileRef = 4753E8D41F3C6F39002DE2BB /* DataClass.swift */; };
		47CA48501F3C61B400E72B2A /* AppDelegate.swift in Sources */ = {isa = PBXBuildFile; fileRef = 47CA484F1F3C61B400E72B2A /* AppDelegate.swift */; };
		47CA48521F3C61B400E72B2A /* ViewController.swift in Sources */ = {isa = PBXBuildFile; fileRef = 47CA48511F3C61B400E72B2A /* ViewController.swift */; };
		47CA48551F3C61B400E72B2A /* Main.storyboard in Resources */ = {isa = PBXBuildFile; fileRef = 47CA48531F3C61B400E72B2A /* Main.storyboard */; };
		47CA48571F3C61B500E72B2A /* Assets.xcassets in Resources */ = {isa = PBXBuildFile; fileRef = 47CA48561F3C61B500E72B2A /* Assets.xcassets */; };
		47CA485A1F3C61B500E72B2A /* LaunchScreen.storyboard in Resources */ = {isa = PBXBuildFile; fileRef = 47CA48581F3C61B500E72B2A /* LaunchScreen.storyboard */; };
/* End PBXBuildFile section */

/* Begin PBXFileReference section */
		4753E8D41F3C6F39002DE2BB /* DataClass.swift */ = {isa = PBXFileReference; lastKnownFileType = sourcecode.swift; path = DataClass.swift; sourceTree = "<group>"; };
		47CA484C1F3C61B400E72B2A /* XCode9Features.app */ = {isa = PBXFileReference; explicitFileType = wrapper.application; includeInIndex = 0; path = XCode9Features.app; sourceTree = BUILT_PRODUCTS_DIR; };
		47CA484F1F3C61B400E72B2A /* AppDelegate.swift */ = {isa = PBXFileReference; lastKnownFileType = sourcecode.swift; path = AppDelegate.swift; sourceTree = "<group>"; };
		47CA48511F3C61B400E72B2A /* ViewController.swift */ = {isa = PBXFileReference; lastKnownFileType = sourcecode.swift; path = ViewController.swift; sourceTree = "<group>"; };
		47CA48541F3C61B400E72B2A /* Base */ = {isa = PBXFileReference; lastKnownFileType = file.storyboard; name = Base; path = Base.lproj/Main.storyboard; sourceTree = "<group>"; };
		47CA48561F3C61B500E72B2A /* Assets.xcassets */ = {isa = PBXFileReference; lastKnownFileType = folder.assetcatalog; path = Assets.xcassets; sourceTree = "<group>"; };
		47CA48591F3C61B500E72B2A /* Base */ = {isa = PBXFileReference; lastKnownFileType = file.storyboard; name = Base; path = Base.lproj/LaunchScreen.storyboard; sourceTree = "<group>"; };
		47CA485B1F3C61B500E72B2A /* Info.plist */ = {isa = PBXFileReference; lastKnownFileType = text.plist.xml; path = Info.plist; sourceTree = "<group>"; };
/* End PBXFileReference section */

/* Begin PBXFrameworksBuildPhase section */
		47CA48491F3C61B300E72B2A /* Frameworks */ = {
			isa = PBXFrameworksBuildPhase;
			buildActionMask = 2147483647;
			files = (
			);
			runOnlyForDeploymentPostprocessing = 0;
		};
/* End PBXFrameworksBuildPhase section */

/* Begin PBXGroup section */
		4753E8D61F3C6F41002DE2BB /* Data */ = {
			isa = PBXGroup;
			children = (
				4753E8D41F3C6F39002DE2BB /* DataClass.swift */,
			);
			path = Data;
			sourceTree = "<group>";
		};
		47CA48431F3C61B300E72B2A = {
			isa = PBXGroup;
			children = (
				47CA484E1F3C61B400E72B2A /* XCode9Features */,
				47CA484D1F3C61B400E72B2A /* Products */,
			);
			sourceTree = "<group>";
		};
		47CA484D1F3C61B400E72B2A /* Products */ = {
			isa = PBXGroup;
			children = (
				47CA484C1F3C61B400E72B2A /* XCode9Features.app */,
			);
			name = Products;
			sourceTree = "<group>";
		};
		47CA484E1F3C61B400E72B2A /* XCode9Features */ = {
			isa = PBXGroup;
			children = (
				4753E8D61F3C6F41002DE2BB /* Data */,
				47CA484F1F3C61B400E72B2A /* AppDelegate.swift */,
				47CA48511F3C61B400E72B2A /* ViewController.swift */,
				47CA48531F3C61B400E72B2A /* Main.storyboard */,
				47CA48561F3C61B500E72B2A /* Assets.xcassets */,
				47CA48581F3C61B500E72B2A /* LaunchScreen.storyboard */,
				47CA485B1F3C61B500E72B2A /* Info.plist */,
			);
			path = XCode9Features;
			sourceTree = "<group>";
		};
/* End PBXGroup section */

/* Begin PBXNativeTarget section */
		47CA484B1F3C61B300E72B2A /* XCode9Features */ = {
			isa = PBXNativeTarget;
			buildConfigurationList = 47CA485E1F3C61B500E72B2A /* Build configuration list for PBXNativeTarget "XCode9Features" */;
			buildPhases = (
				47CA48481F3C61B300E72B2A /* Sources */,
				47CA48491F3C61B300E72B2A /* Frameworks */,
				47CA484A1F3C61B300E72B2A /* Resources */,
			);
			buildRules = (
			);
			dependencies = (
			);
			name = XCode9Features;
			productName = XCode9Features;
			productReference = 47CA484C1F3C61B400E72B2A /* XCode9Features.app */;
			productType = "com.apple.product-type.application";
		};
/* End PBXNativeTarget section */

/* Begin PBXProject section */
		47CA48441F3C61B300E72B2A /* Project object */ = {
			isa = PBXProject;
			attributes = {
				LastSwiftUpdateCheck = 0900;
				LastUpgradeCheck = 0900;
				ORGANIZATIONNAME = "Sureel Bhurat";
				TargetAttributes = {
					47CA484B1F3C61B300E72B2A = {
						CreatedOnToolsVersion = 9.0;
					};
				};
			};
			buildConfigurationList = 47CA48471F3C61B300E72B2A /* Build configuration list for PBXProject "XCode9Features" */;
			compatibilityVersion = "Xcode 8.0";
			developmentRegion = en;
			hasScannedForEncodings = 0;
			knownRegions = (
				en,
				Base,
			);
			mainGroup = 47CA48431F3C61B300E72B2A;
			productRefGroup = 47CA484D1F3C61B400E72B2A /* Products */;
			projectDirPath = "";
			projectRoot = "";
			targets = (
				47CA484B1F3C61B300E72B2A /* XCode9Features */,
			);
		};
/* End PBXProject section */

/* Begin PBXResourcesBuildPhase section */
		47CA484A1F3C61B300E72B2A /* Resources */ = {
			isa = PBXResourcesBuildPhase;
			buildActionMask = 2147483647;
			files = (
				47CA485A1F3C61B500E72B2A /* LaunchScreen.storyboard in Resources */,
				47CA48571F3C61B500E72B2A /* Assets.xcassets in Resources */,
				47CA48551F3C61B400E72B2A /* Main.storyboard in Resources */,
			);
			runOnlyForDeploymentPostprocessing = 0;
		};
/* End PBXResourcesBuildPhase section */

/* Begin PBXSourcesBuildPhase section */
		47CA48481F3C61B300E72B2A /* Sources */ = {
			isa = PBXSourcesBuildPhase;
			buildActionMask = 2147483647;
			files = (
				4753E8D51F3C6F39002DE2BB /* DataClass.swift in Sources */,
				47CA48521F3C61B400E72B2A /* ViewController.swift in Sources */,
				47CA48501F3C61B400E72B2A /* AppDelegate.swift in Sources */,
			);
			runOnlyForDeploymentPostprocessing = 0;
		};
/* End PBXSourcesBuildPhase section */

/* Begin PBXVariantGroup section */
		47CA48531F3C61B400E72B2A /* Main.storyboard */ = {
			isa = PBXVariantGroup;
			children = (
				47CA48541F3C61B400E72B2A /* Base */,
			);
			name = Main.storyboard;
			sourceTree = "<group>";
		};
		47CA48581F3C61B500E72B2A /* LaunchScreen.storyboard */ = {
			isa = PBXVariantGroup;
			children = (
				47CA48591F3C61B500E72B2A /* Base */,
			);
			name = LaunchScreen.storyboard;
			sourceTree = "<group>";
		};
/* End PBXVariantGroup section */

/* Begin XCBuildConfiguration section */
		47CA485C1F3C61B500E72B2A /* Debug */ = {
			isa = XCBuildConfiguration;
			buildSettings = {
				ALWAYS_SEARCH_USER_PATHS = NO;
				CLANG_ANALYZER_NONNULL = YES;
				CLANG_ANALYZER_NUMBER_OBJECT_CONVERSION = YES_AGGRESSIVE;
				CLANG_CXX_LANGUAGE_STANDARD = "gnu++14";
				CLANG_CXX_LIBRARY = "libc++";
				CLANG_ENABLE_MODULES = YES;
				CLANG_ENABLE_OBJC_ARC = YES;
				CLANG_WARN_BLOCK_CAPTURE_AUTORELEASING = YES;
				CLANG_WARN_BOOL_CONVERSION = YES;
				CLANG_WARN_COMMA = YES;
				CLANG_WARN_CONSTANT_CONVERSION = YES;
				CLANG_WARN_DIRECT_OBJC_ISA_USAGE = YES_ERROR;
				CLANG_WARN_DOCUMENTATION_COMMENTS = YES;
				CLANG_WARN_EMPTY_BODY = YES;
				CLANG_WARN_ENUM_CONVERSION = YES;
				CLANG_WARN_INFINITE_RECURSION = YES;
				CLANG_WARN_INT_CONVERSION = YES;
				CLANG_WARN_NON_LITERAL_NULL_CONVERSION = YES;
				CLANG_WARN_OBJC_LITERAL_CONVERSION = YES;
				CLANG_WARN_OBJC_ROOT_CLASS = YES_ERROR;
				CLANG_WARN_RANGE_LOOP_ANALYSIS = YES;
				CLANG_WARN_STRICT_PROTOTYPES = YES;
				CLANG_WARN_SUSPICIOUS_MOVE = YES;
				CLANG_WARN_UNGUARDED_AVAILABILITY = YES_AGGRESSIVE;
				CLANG_WARN_UNREACHABLE_CODE = YES;
				CLANG_WARN__DUPLICATE_METHOD_MATCH = YES;
				CODE_SIGN_IDENTITY = "iPhone Developer";
				COPY_PHASE_STRIP = NO;
				DEBUG_INFORMATION_FORMAT = dwarf;
				ENABLE_STRICT_OBJC_MSGSEND = YES;
				ENABLE_TESTABILITY = YES;
				GCC_C_LANGUAGE_STANDARD = gnu11;
				GCC_DYNAMIC_NO_PIC = NO;
				GCC_NO_COMMON_BLOCKS = YES;
				GCC_OPTIMIZATION_LEVEL = 0;
				GCC_PREPROCESSOR_DEFINITIONS = (
					"DEBUG=1",
					"$(inherited)",
				);
				GCC_WARN_64_TO_32_BIT_CONVERSION = YES;
				GCC_WARN_ABOUT_RETURN_TYPE = YES_ERROR;
				GCC_WARN_UNDECLARED_SELECTOR = YES;
				GCC_WARN_UNINITIALIZED_AUTOS = YES_AGGRESSIVE;
				GCC_WARN_UNUSED_FUNCTION = YES;
				GCC_WARN_UNUSED_VARIABLE = YES;
				IPHONEOS_DEPLOYMENT_TARGET = 11.0;
				MTL_ENABLE_DEBUG_INFO = YES;
				ONLY_ACTIVE_ARCH = YES;
				SDKROOT = iphoneos;
				SWIFT_ACTIVE_COMPILATION_CONDITIONS = DEBUG;
				SWIFT_OPTIMIZATION_LEVEL = "-Onone";
			};
			name = Debug;
		};
		47CA485D1F3C61B500E72B2A /* Release */ = {
			isa = XCBuildConfiguration;
			buildSettings = {
				ALWAYS_SEARCH_USER_PATHS = NO;
				CLANG_ANALYZER_NONNULL = YES;
				CLANG_ANALYZER_NUMBER_OBJECT_CONVERSION = YES_AGGRESSIVE;
				CLANG_CXX_LANGUAGE_STANDARD = "gnu++14";
				CLANG_CXX_LIBRARY = "libc++";
				CLANG_ENABLE_MODULES = YES;
				CLANG_ENABLE_OBJC_ARC = YES;
				CLANG_WARN_BLOCK_CAPTURE_AUTORELEASING = YES;
				CLANG_WARN_BOOL_CONVERSION = YES;
				CLANG_WARN_COMMA = YES;
				CLANG_WARN_CONSTANT_CONVERSION = YES;
				CLANG_WARN_DIRECT_OBJC_ISA_USAGE = YES_ERROR;
				CLANG_WARN_DOCUMENTATION_COMMENTS = YES;
				CLANG_WARN_EMPTY_BODY = YES;
				CLANG_WARN_ENUM_CONVERSION = YES;
				CLANG_WARN_INFINITE_RECURSION = YES;
				CLANG_WARN_INT_CONVERSION = YES;
				CLANG_WARN_NON_LITERAL_NULL_CONVERSION = YES;
				CLANG_WARN_OBJC_LITERAL_CONVERSION = YES;
				CLANG_WARN_OBJC_ROOT_CLASS = YES_ERROR;
				CLANG_WARN_RANGE_LOOP_ANALYSIS = YES;
				CLANG_WARN_STRICT_PROTOTYPES = YES;
				CLANG_WARN_SUSPICIOUS_MOVE = YES;
				CLANG_WARN_UNGUARDED_AVAILABILITY = YES_AGGRESSIVE;
				CLANG_WARN_UNREACHABLE_CODE = YES;
				CLANG_WARN__DUPLICATE_METHOD_MATCH = YES;
				CODE_SIGN_IDENTITY = "iPhone Developer";
				COPY_PHASE_STRIP = NO;
				DEBUG_INFORMATION_FORMAT = "dwarf-with-dsym";
				ENABLE_NS_ASSERTIONS = NO;
				ENABLE_STRICT_OBJC_MSGSEND = YES;
				GCC_C_LANGUAGE_STANDARD = gnu11;
				GCC_NO_COMMON_BLOCKS = YES;
				GCC_WARN_64_TO_32_BIT_CONVERSION = YES;
				GCC_WARN_ABOUT_RETURN_TYPE = YES_ERROR;
				GCC_WARN_UNDECLARED_SELECTOR = YES;
				GCC_WARN_UNINITIALIZED_AUTOS = YES_AGGRESSIVE;
				GCC_WARN_UNUSED_FUNCTION = YES;
				GCC_WARN_UNUSED_VARIABLE = YES;
				IPHONEOS_DEPLOYMENT_TARGET = 11.0;
				MTL_ENABLE_DEBUG_INFO = NO;
				SDKROOT = iphoneos;
				SWIFT_OPTIMIZATION_LEVEL = "-Owholemodule";
				VALIDATE_PRODUCT = YES;
			};
			name = Release;
		};
		47CA485F1F3C61B500E72B2A /* Debug */ = {
			isa = XCBuildConfiguration;
			buildSettings = {
				ASSETCATALOG_COMPILER_APPICON_NAME = AppIcon;
				DEVELOPMENT_TEAM = E628CAH7ZC;
				INFOPLIST_FILE = XCode9Features/Info.plist;
				LD_RUNPATH_SEARCH_PATHS = "$(inherited) @executable_path/Frameworks";
				PRODUCT_BUNDLE_IDENTIFIER = com.synapse.XCode9Features;
				PRODUCT_NAME = "$(TARGET_NAME)";
				SWIFT_VERSION = 4.0;
				TARGETED_DEVICE_FAMILY = "1,2";
			};
			name = Debug;
		};
		47CA48601F3C61B500E72B2A /* Release */ = {
			isa = XCBuildConfiguration;
			buildSettings = {
				ASSETCATALOG_COMPILER_APPICON_NAME = AppIcon;
				DEVELOPMENT_TEAM = E628CAH7ZC;
				INFOPLIST_FILE = XCode9Features/Info.plist;
				LD_RUNPATH_SEARCH_PATHS = "$(inherited) @executable_path/Frameworks";
				PRODUCT_BUNDLE_IDENTIFIER = com.synapse.XCode9Features;
				PRODUCT_NAME = "$(TARGET_NAME)";
				SWIFT_VERSION = 4.0;
				TARGETED_DEVICE_FAMILY = "1,2";
			};
			name = Release;
		};
/* End XCBuildConfiguration section */

/* Begin XCConfigurationList section */
		47CA48471F3C61B300E72B2A /* Build configuration list for PBXProject "XCode9Features" */ = {
			isa = XCConfigurationList;
			buildConfigurations = (
				47CA485C1F3C61B500E72B2A /* Debug */,
				47CA485D1F3C61B500E72B2A /* Release */,
			);
			defaultConfigurationIsVisible = 0;
			defaultConfigurationName = Release;
		};
		47CA485E1F3C61B500E72B2A /* Build configuration list for PBXNativeTarget "XCode9Features" */ = {
			isa = XCConfigurationList;
			buildConfigurations = (
				47CA485F1F3C61B500E72B2A /* Debug */,
				47CA48601F3C61B500E72B2A /* Release */,
			);
			defaultConfigurationIsVisible = 0;
			defaultConfigurationName = Release;
		};
/* End XCConfigurationList section */
	};
	rootObject = 47CA48441F3C61B300E72B2A /* Project object */;
}
